
Microsoft Visual Studio Solution File, Format Version 12.00
# Visual Studio Version 17
VisualStudioVersion = 17.1.32210.238
MinimumVisualStudioVersion = 10.0.40219.1
Project("{2150E333-8FDC-42A3-9474-1A3956D46DE8}") = "Services", "Services", "{3C6521B9-BAD1-499B-8DEC-62757D66BE58}"
EndProject
Project("{2150E333-8FDC-42A3-9474-1A3956D46DE8}") = "Catalogue", "Catalogue", "{ADCBE3D7-CDC5-4AFD-9ADF-735A04D8FB75}"
EndProject
Project("{9A19103F-16F7-4668-BE54-9A1E7A4F7556}") = "Catalogue.Api", "Services\Catalogue\Catalogue.Api\Catalogue.Api.csproj", "{7393DA31-475C-4E09-A6A9-02137924D189}"
EndProject
Project("{2150E333-8FDC-42A3-9474-1A3956D46DE8}") = "Basket", "Basket", "{00EFAC4A-BA69-4029-AC5C-F507B5F1E23B}"
EndProject
Project("{9A19103F-16F7-4668-BE54-9A1E7A4F7556}") = "Basket.Api", "Services\Basket\Basket.Api\Basket.Api.csproj", "{6AE7DB8E-6054-42AA-A7D9-840DAAAB2DA5}"
EndProject
Project("{E53339B2-1760-4266-BCC7-CA923CBCF16C}") = "docker-compose", "docker-compose.dcproj", "{F3567AF7-E965-4622-8B71-B12AF9B69B00}"
EndProject
Project("{2150E333-8FDC-42A3-9474-1A3956D46DE8}") = "Discount", "Discount", "{F0BF4D6F-F90F-430E-B6FB-E65C58DD1370}"
EndProject
Project("{FAE04EC0-301F-11D3-BF4B-00C04F79EFBC}") = "Discount.Api", "Services\Discount\Discount.Api\Discount.Api.csproj", "{D9AF722F-E0C9-4268-B8AE-B05BBCFFB1D9}"
EndProject
Global
	GlobalSection(SolutionConfigurationPlatforms) = preSolution
		Debug|Any CPU = Debug|Any CPU
		Release|Any CPU = Release|Any CPU
	EndGlobalSection
	GlobalSection(ProjectConfigurationPlatforms) = postSolution
		{7393DA31-475C-4E09-A6A9-02137924D189}.Debug|Any CPU.ActiveCfg = Debug|Any CPU
		{7393DA31-475C-4E09-A6A9-02137924D189}.Debug|Any CPU.Build.0 = Debug|Any CPU
		{7393DA31-475C-4E09-A6A9-02137924D189}.Release|Any CPU.ActiveCfg = Release|Any CPU
		{7393DA31-475C-4E09-A6A9-02137924D189}.Release|Any CPU.Build.0 = Release|Any CPU
		{6AE7DB8E-6054-42AA-A7D9-840DAAAB2DA5}.Debug|Any CPU.ActiveCfg = Debug|Any CPU
		{6AE7DB8E-6054-42AA-A7D9-840DAAAB2DA5}.Debug|Any CPU.Build.0 = Debug|Any CPU
		{6AE7DB8E-6054-42AA-A7D9-840DAAAB2DA5}.Release|Any CPU.ActiveCfg = Release|Any CPU
		{6AE7DB8E-6054-42AA-A7D9-840DAAAB2DA5}.Release|Any CPU.Build.0 = Release|Any CPU
		{F3567AF7-E965-4622-8B71-B12AF9B69B00}.Debug|Any CPU.ActiveCfg = Debug|Any CPU
		{F3567AF7-E965-4622-8B71-B12AF9B69B00}.Debug|Any CPU.Build.0 = Debug|Any CPU
		{F3567AF7-E965-4622-8B71-B12AF9B69B00}.Release|Any CPU.ActiveCfg = Release|Any CPU
		{F3567AF7-E965-4622-8B71-B12AF9B69B00}.Release|Any CPU.Build.0 = Release|Any CPU
		{D9AF722F-E0C9-4268-B8AE-B05BBCFFB1D9}.Debug|Any CPU.ActiveCfg = Debug|Any CPU
		{D9AF722F-E0C9-4268-B8AE-B05BBCFFB1D9}.Debug|Any CPU.Build.0 = Debug|Any CPU
		{D9AF722F-E0C9-4268-B8AE-B05BBCFFB1D9}.Release|Any CPU.ActiveCfg = Release|Any CPU
		{D9AF722F-E0C9-4268-B8AE-B05BBCFFB1D9}.Release|Any CPU.Build.0 = Release|Any CPU
	EndGlobalSection
	GlobalSection(SolutionProperties) = preSolution
		HideSolutionNode = FALSE
	EndGlobalSection
	GlobalSection(NestedProjects) = preSolution
		{ADCBE3D7-CDC5-4AFD-9ADF-735A04D8FB75} = {3C6521B9-BAD1-499B-8DEC-62757D66BE58}
		{7393DA31-475C-4E09-A6A9-02137924D189} = {ADCBE3D7-CDC5-4AFD-9ADF-735A04D8FB75}
		{00EFAC4A-BA69-4029-AC5C-F507B5F1E23B} = {3C6521B9-BAD1-499B-8DEC-62757D66BE58}
		{6AE7DB8E-6054-42AA-A7D9-840DAAAB2DA5} = {00EFAC4A-BA69-4029-AC5C-F507B5F1E23B}
		{F0BF4D6F-F90F-430E-B6FB-E65C58DD1370} = {3C6521B9-BAD1-499B-8DEC-62757D66BE58}
		{D9AF722F-E0C9-4268-B8AE-B05BBCFFB1D9} = {F0BF4D6F-F90F-430E-B6FB-E65C58DD1370}
	EndGlobalSection
	GlobalSection(ExtensibilityGlobals) = postSolution
		SolutionGuid = {8E5C270B-D95A-4093-B56C-085EF896A846}
	EndGlobalSection
EndGlobal
